
Microsoft Visual Studio Solution File, Format Version 12.00
# Visual Studio Version 17
VisualStudioVersion = 17.3.32819.101
MinimumVisualStudioVersion = 10.0.40219.1
Project("{9A19103F-16F7-4668-BE54-9A1E7A4F7556}") = "Company.API", "Course.API\Company.API.csproj", "{06CBEC0B-ADD5-4729-B43A-BD0BEA1155ED}"
EndProject
Project("{9A19103F-16F7-4668-BE54-9A1E7A4F7556}") = "Company.Data", "Course.Database\Company.Data.csproj", "{C9A77145-1A17-4BB1-9932-90ABC49833FD}"
EndProject
Project("{9A19103F-16F7-4668-BE54-9A1E7A4F7556}") = "Company.Common", "Course.Common\Company.Common.csproj", "{F19F6B42-F230-4F84-888B-A43E9C431A8E}"
EndProject
Global
	GlobalSection(SolutionConfigurationPlatforms) = preSolution
		Debug|Any CPU = Debug|Any CPU
		Release|Any CPU = Release|Any CPU
	EndGlobalSection
	GlobalSection(ProjectConfigurationPlatforms) = postSolution
		{06CBEC0B-ADD5-4729-B43A-BD0BEA1155ED}.Debug|Any CPU.ActiveCfg = Debug|Any CPU
		{06CBEC0B-ADD5-4729-B43A-BD0BEA1155ED}.Debug|Any CPU.Build.0 = Debug|Any CPU
		{06CBEC0B-ADD5-4729-B43A-BD0BEA1155ED}.Release|Any CPU.ActiveCfg = Release|Any CPU
		{06CBEC0B-ADD5-4729-B43A-BD0BEA1155ED}.Release|Any CPU.Build.0 = Release|Any CPU
		{C9A77145-1A17-4BB1-9932-90ABC49833FD}.Debug|Any CPU.ActiveCfg = Debug|Any CPU
		{C9A77145-1A17-4BB1-9932-90ABC49833FD}.Debug|Any CPU.Build.0 = Debug|Any CPU
		{C9A77145-1A17-4BB1-9932-90ABC49833FD}.Release|Any CPU.ActiveCfg = Release|Any CPU
		{C9A77145-1A17-4BB1-9932-90ABC49833FD}.Release|Any CPU.Build.0 = Release|Any CPU
		{F19F6B42-F230-4F84-888B-A43E9C431A8E}.Debug|Any CPU.ActiveCfg = Debug|Any CPU
		{F19F6B42-F230-4F84-888B-A43E9C431A8E}.Debug|Any CPU.Build.0 = Debug|Any CPU
		{F19F6B42-F230-4F84-888B-A43E9C431A8E}.Release|Any CPU.ActiveCfg = Release|Any CPU
		{F19F6B42-F230-4F84-888B-A43E9C431A8E}.Release|Any CPU.Build.0 = Release|Any CPU
	EndGlobalSection
	GlobalSection(SolutionProperties) = preSolution
		HideSolutionNode = FALSE
	EndGlobalSection
	GlobalSection(ExtensibilityGlobals) = postSolution
		SolutionGuid = {5BDDCCB6-5009-4EC5-B94C-D19622F51557}
	EndGlobalSection
EndGlobal
